
Microsoft Visual Studio Solution File, Format Version 12.00
# Visual Studio Version 17
VisualStudioVersion = 17.13.35931.197 d17.13
MinimumVisualStudioVersion = 10.0.40219.1
Project("{FAE04EC0-301F-11D3-BF4B-00C04F79EFBC}") = "AIChatBot", "AIChatBot\AIChatBot.csproj", "{8EA40CBD-C04C-4D1B-A19E-D1177AE733BB}"
EndProject
Global
	GlobalSection(SolutionConfigurationPlatforms) = preSolution
		Debug|Any CPU = Debug|Any CPU
		Release|Any CPU = Release|Any CPU
	EndGlobalSection
	GlobalSection(ProjectConfigurationPlatforms) = postSolution
		{8EA40CBD-C04C-4D1B-A19E-D1177AE733BB}.Debug|Any CPU.ActiveCfg = Debug|Any CPU
		{8EA40CBD-C04C-4D1B-A19E-D1177AE733BB}.Debug|Any CPU.Build.0 = Debug|Any CPU
		{8EA40CBD-C04C-4D1B-A19E-D1177AE733BB}.Release|Any CPU.ActiveCfg = Release|Any CPU
		{8EA40CBD-C04C-4D1B-A19E-D1177AE733BB}.Release|Any CPU.Build.0 = Release|Any CPU
	EndGlobalSection
	GlobalSection(SolutionProperties) = preSolution
		HideSolutionNode = FALSE
	EndGlobalSection
	GlobalSection(ExtensibilityGlobals) = postSolution
		SolutionGuid = {62A4B583-701B-44A8-835E-6F660E9C7978}
	EndGlobalSection
EndGlobal
